// !$*UTF8*$!
{
	archiveVersion = 1;
	classes = {
	};
	objectVersion = 77;
	objects = {

/* Begin PBXBuildFile section */
		1B883FE417927688C96F07BC /* FocusView.swift in Sources */ = {isa = PBXBuildFile; fileRef = 7888F3CE7E2D88D08997748C /* FocusView.swift */; };
		2AE34C9320CAEBB26EF7547F /* Quest.swift in Sources */ = {isa = PBXBuildFile; fileRef = B048E0C38704627F6294DD78 /* Quest.swift */; };
		400C8C01384EF3209E4AF878 /* Chronicle.swift in Sources */ = {isa = PBXBuildFile; fileRef = F8A3991C5335BEF050223DC0 /* Chronicle.swift */; };
		45A7DDD489FB633F9C168D71 /* ContentView.swift in Sources */ = {isa = PBXBuildFile; fileRef = A352E47D58681BE629FF2D3E /* ContentView.swift */; };
		556C3676D78EC921DE49AF8C /* ExperienceStore.swift in Sources */ = {isa = PBXBuildFile; fileRef = 864A7B1C2E938C28662021D0 /* ExperienceStore.swift */; };
		5E244C067B7D4F9377F29CE8 /* FirstClassCeremonyView.swift in Sources */ = {isa = PBXBuildFile; fileRef = 62044C9F11E4B816A926D065 /* FirstClassCeremonyView.swift */; };
		60927EE72B1D85A67F3643C7 /* BreakPromptView.swift in Sources */ = {isa = PBXBuildFile; fileRef = AB26F535636FF8220E41451F /* BreakPromptView.swift */; };
		68860DD5821786307BEC16DC /* FocusClass.swift in Sources */ = {isa = PBXBuildFile; fileRef = 2EEE507913752DE92CD715A7 /* FocusClass.swift */; };
		6ACB2C5816B3ED5D235C1A6D /* ClassStore.swift in Sources */ = {isa = PBXBuildFile; fileRef = 42C9DFF012FA1A3C0AFF976E /* ClassStore.swift */; };
		9DB3F29145820CB39F12D213 /* PlanView.swift in Sources */ = {isa = PBXBuildFile; fileRef = E3ED950FEF27AACBC8AAC01B /* PlanView.swift */; };
		A032E175F1F93B91D796E9C3 /* Assets.xcassets in Resources */ = {isa = PBXBuildFile; fileRef = 6A1EBF6BC6B0E55F2C85923D /* Assets.xcassets */; };
		A30E5EA37E55BA916EE1799D /* Levels.swift in Sources */ = {isa = PBXBuildFile; fileRef = DDF91094F1743A1A5BBF30A6 /* Levels.swift */; };
		A6E193CB193D2419E8B7A062 /* WorkoutMonitor.swift in Sources */ = {isa = PBXBuildFile; fileRef = 5433E531572CE9A025A31B6B /* WorkoutMonitor.swift */; };
		ADD9B34CB7254D6F05CBA4BE /* CoinStore.swift in Sources */ = {isa = PBXBuildFile; fileRef = 73AC73B776085CC741AE7090 /* CoinStore.swift */; };
		AEB3032A1FDF1E38D489AF1B /* ClassEngineTests.swift in Sources */ = {isa = PBXBuildFile; fileRef = 136112825C6CE978412EAD08 /* ClassEngineTests.swift */; };
		AEBDFBC19D4AC6B7DD0322A0 /* BreakView.swift in Sources */ = {isa = PBXBuildFile; fileRef = 0B976461D3698E84E0FFF277 /* BreakView.swift */; };
		B19B6ACDFCD8C4B8E0EAEDDB /* QuestBoard.swift in Sources */ = {isa = PBXBuildFile; fileRef = E1A95F99A3FA6A4CFD960598 /* QuestBoard.swift */; };
		B8F4AD2AD9D91F92CF3939D0 /* BreakRecapView.swift in Sources */ = {isa = PBXBuildFile; fileRef = AD6F86958AD21318D545A1E2 /* BreakRecapView.swift */; };
		B91063D0615D7DA61FBE3402 /* BlockNotifier.swift in Sources */ = {isa = PBXBuildFile; fileRef = CB0650365E81903B22E47911 /* BlockNotifier.swift */; };
		C126A4349E13116DA5EDE91D /* Quests.swift in Sources */ = {isa = PBXBuildFile; fileRef = BC8A92B39DAA805454A6BAA9 /* Quests.swift */; };
		CBDCF5DA7E37D7E346B81AAD /* ClassEngine.swift in Sources */ = {isa = PBXBuildFile; fileRef = 427D218E8C2D8E574CE62870 /* ClassEngine.swift */; };
		CD6E709B564CC8B175467F37 /* Affinity.swift in Sources */ = {isa = PBXBuildFile; fileRef = 645A25EF5DDAB94CFF9E65C5 /* Affinity.swift */; };
		D077EAC2F3F2AF628ED74B09 /* Models.swift in Sources */ = {isa = PBXBuildFile; fileRef = 544CB7114CCC3AFD1C56AEBD /* Models.swift */; };
		D3ECA2B4125051EB8CD33630 /* ReviewView.swift in Sources */ = {isa = PBXBuildFile; fileRef = 36D497AF4620EB6F17673852 /* ReviewView.swift */; };
		DB7CAE4CF43F814B4B6B1238 /* MotionDetector.swift in Sources */ = {isa = PBXBuildFile; fileRef = 47C1B7FB80519B1B2794FE04 /* MotionDetector.swift */; };
		E3C29ACE328E4BF4C90890DF /* FocusSliceApp.swift in Sources */ = {isa = PBXBuildFile; fileRef = D6F2366EB92CC8D1ABB57639 /* FocusSliceApp.swift */; };
		FEE683B477FCF6C1A5081226 /* FocusEngine.swift in Sources */ = {isa = PBXBuildFile; fileRef = C62BB66BF7B1B69DA7683FF5 /* FocusEngine.swift */; };
/* End PBXBuildFile section */

/* Begin PBXContainerItemProxy section */
		6F8595DC41CE02772A62365B /* PBXContainerItemProxy */ = {
			isa = PBXContainerItemProxy;
			containerPortal = A598B442A1B7EBE0C05ED2F9 /* Project object */;
			proxyType = 1;
			remoteGlobalIDString = BAD07030A49EB411091D5DE8;
			remoteInfo = FocusSlice;
		};
/* End PBXContainerItemProxy section */

/* Begin PBXFileReference section */
		0B976461D3698E84E0FFF277 /* BreakView.swift */ = {isa = PBXFileReference; lastKnownFileType = sourcecode.swift; path = BreakView.swift; sourceTree = "<group>"; };
		136112825C6CE978412EAD08 /* ClassEngineTests.swift */ = {isa = PBXFileReference; lastKnownFileType = sourcecode.swift; path = ClassEngineTests.swift; sourceTree = "<group>"; };
		2EEE507913752DE92CD715A7 /* FocusClass.swift */ = {isa = PBXFileReference; lastKnownFileType = sourcecode.swift; path = FocusClass.swift; sourceTree = "<group>"; };
		36D497AF4620EB6F17673852 /* ReviewView.swift */ = {isa = PBXFileReference; lastKnownFileType = sourcecode.swift; path = ReviewView.swift; sourceTree = "<group>"; };
		427D218E8C2D8E574CE62870 /* ClassEngine.swift */ = {isa = PBXFileReference; lastKnownFileType = sourcecode.swift; path = ClassEngine.swift; sourceTree = "<group>"; };
		42C9DFF012FA1A3C0AFF976E /* ClassStore.swift */ = {isa = PBXFileReference; lastKnownFileType = sourcecode.swift; path = ClassStore.swift; sourceTree = "<group>"; };
		47C1B7FB80519B1B2794FE04 /* MotionDetector.swift */ = {isa = PBXFileReference; lastKnownFileType = sourcecode.swift; path = MotionDetector.swift; sourceTree = "<group>"; };
		53D35695691BA5F108AE0BA1 /* FocusSliceTests.xctest */ = {isa = PBXFileReference; includeInIndex = 0; lastKnownFileType = wrapper.cfbundle; path = FocusSliceTests.xctest; sourceTree = BUILT_PRODUCTS_DIR; };
		5433E531572CE9A025A31B6B /* WorkoutMonitor.swift */ = {isa = PBXFileReference; lastKnownFileType = sourcecode.swift; path = WorkoutMonitor.swift; sourceTree = "<group>"; };
		544CB7114CCC3AFD1C56AEBD /* Models.swift */ = {isa = PBXFileReference; lastKnownFileType = sourcecode.swift; path = Models.swift; sourceTree = "<group>"; };
		62044C9F11E4B816A926D065 /* FirstClassCeremonyView.swift */ = {isa = PBXFileReference; lastKnownFileType = sourcecode.swift; path = FirstClassCeremonyView.swift; sourceTree = "<group>"; };
		645A25EF5DDAB94CFF9E65C5 /* Affinity.swift */ = {isa = PBXFileReference; lastKnownFileType = sourcecode.swift; path = Affinity.swift; sourceTree = "<group>"; };
		6A1EBF6BC6B0E55F2C85923D /* Assets.xcassets */ = {isa = PBXFileReference; lastKnownFileType = folder.assetcatalog; path = Assets.xcassets; sourceTree = "<group>"; };
		73AC73B776085CC741AE7090 /* CoinStore.swift */ = {isa = PBXFileReference; lastKnownFileType = sourcecode.swift; path = CoinStore.swift; sourceTree = "<group>"; };
		7888F3CE7E2D88D08997748C /* FocusView.swift */ = {isa = PBXFileReference; lastKnownFileType = sourcecode.swift; path = FocusView.swift; sourceTree = "<group>"; };
		7E2B2B725CFBD3D5861C283D /* FocusSlice.app */ = {isa = PBXFileReference; includeInIndex = 0; lastKnownFileType = wrapper.application; path = FocusSlice.app; sourceTree = BUILT_PRODUCTS_DIR; };
		864A7B1C2E938C28662021D0 /* ExperienceStore.swift */ = {isa = PBXFileReference; lastKnownFileType = sourcecode.swift; path = ExperienceStore.swift; sourceTree = "<group>"; };
		A352E47D58681BE629FF2D3E /* ContentView.swift */ = {isa = PBXFileReference; lastKnownFileType = sourcecode.swift; path = ContentView.swift; sourceTree = "<group>"; };
		AB26F535636FF8220E41451F /* BreakPromptView.swift */ = {isa = PBXFileReference; lastKnownFileType = sourcecode.swift; path = BreakPromptView.swift; sourceTree = "<group>"; };
		AD6F86958AD21318D545A1E2 /* BreakRecapView.swift */ = {isa = PBXFileReference; lastKnownFileType = sourcecode.swift; path = BreakRecapView.swift; sourceTree = "<group>"; };
		B048E0C38704627F6294DD78 /* Quest.swift */ = {isa = PBXFileReference; lastKnownFileType = sourcecode.swift; path = Quest.swift; sourceTree = "<group>"; };
		BC8A92B39DAA805454A6BAA9 /* Quests.swift */ = {isa = PBXFileReference; lastKnownFileType = sourcecode.swift; path = Quests.swift; sourceTree = "<group>"; };
		C62BB66BF7B1B69DA7683FF5 /* FocusEngine.swift */ = {isa = PBXFileReference; lastKnownFileType = sourcecode.swift; path = FocusEngine.swift; sourceTree = "<group>"; };
		CB0650365E81903B22E47911 /* BlockNotifier.swift */ = {isa = PBXFileReference; lastKnownFileType = sourcecode.swift; path = BlockNotifier.swift; sourceTree = "<group>"; };
		D6F2366EB92CC8D1ABB57639 /* FocusSliceApp.swift */ = {isa = PBXFileReference; lastKnownFileType = sourcecode.swift; path = FocusSliceApp.swift; sourceTree = "<group>"; };
		DDF91094F1743A1A5BBF30A6 /* Levels.swift */ = {isa = PBXFileReference; lastKnownFileType = sourcecode.swift; path = Levels.swift; sourceTree = "<group>"; };
		E1A95F99A3FA6A4CFD960598 /* QuestBoard.swift */ = {isa = PBXFileReference; lastKnownFileType = sourcecode.swift; path = QuestBoard.swift; sourceTree = "<group>"; };
		E3ED950FEF27AACBC8AAC01B /* PlanView.swift */ = {isa = PBXFileReference; lastKnownFileType = sourcecode.swift; path = PlanView.swift; sourceTree = "<group>"; };
		F8A3991C5335BEF050223DC0 /* Chronicle.swift */ = {isa = PBXFileReference; lastKnownFileType = sourcecode.swift; path = Chronicle.swift; sourceTree = "<group>"; };
		"TEMP_6937808C-2D5E-4BCF-BB59-34BF4DEF78C5" /* Signing.xcconfig */ = {isa = PBXFileReference; lastKnownFileType = text.xcconfig; path = Signing.xcconfig; sourceTree = "<group>"; };
/* End PBXFileReference section */

/* Begin PBXGroup section */
		08993A6005BAFC6D54628CE3 /* Sources */ = {
			isa = PBXGroup;
			children = (
				645A25EF5DDAB94CFF9E65C5 /* Affinity.swift */,
				CB0650365E81903B22E47911 /* BlockNotifier.swift */,
				AB26F535636FF8220E41451F /* BreakPromptView.swift */,
				AD6F86958AD21318D545A1E2 /* BreakRecapView.swift */,
				0B976461D3698E84E0FFF277 /* BreakView.swift */,
				F8A3991C5335BEF050223DC0 /* Chronicle.swift */,
				427D218E8C2D8E574CE62870 /* ClassEngine.swift */,
				42C9DFF012FA1A3C0AFF976E /* ClassStore.swift */,
				73AC73B776085CC741AE7090 /* CoinStore.swift */,
				A352E47D58681BE629FF2D3E /* ContentView.swift */,
				864A7B1C2E938C28662021D0 /* ExperienceStore.swift */,
				62044C9F11E4B816A926D065 /* FirstClassCeremonyView.swift */,
				2EEE507913752DE92CD715A7 /* FocusClass.swift */,
				C62BB66BF7B1B69DA7683FF5 /* FocusEngine.swift */,
				D6F2366EB92CC8D1ABB57639 /* FocusSliceApp.swift */,
				7888F3CE7E2D88D08997748C /* FocusView.swift */,
				DDF91094F1743A1A5BBF30A6 /* Levels.swift */,
				544CB7114CCC3AFD1C56AEBD /* Models.swift */,
				47C1B7FB80519B1B2794FE04 /* MotionDetector.swift */,
				E3ED950FEF27AACBC8AAC01B /* PlanView.swift */,
				B048E0C38704627F6294DD78 /* Quest.swift */,
				E1A95F99A3FA6A4CFD960598 /* QuestBoard.swift */,
				BC8A92B39DAA805454A6BAA9 /* Quests.swift */,
				36D497AF4620EB6F17673852 /* ReviewView.swift */,
				5433E531572CE9A025A31B6B /* WorkoutMonitor.swift */,
			);
			path = Sources;
			sourceTree = "<group>";
		};
		3634544B6FAC934A5CE9CC62 /* Tests */ = {
			isa = PBXGroup;
			children = (
				136112825C6CE978412EAD08 /* ClassEngineTests.swift */,
			);
			path = Tests;
			sourceTree = "<group>";
		};
		940B7F41F0A5E565F4D1AF6E /* Products */ = {
			isa = PBXGroup;
			children = (
				7E2B2B725CFBD3D5861C283D /* FocusSlice.app */,
				53D35695691BA5F108AE0BA1 /* FocusSliceTests.xctest */,
			);
			name = Products;
			sourceTree = "<group>";
		};
		A71204F706557AF731E10466 = {
			isa = PBXGroup;
			children = (
				6A1EBF6BC6B0E55F2C85923D /* Assets.xcassets */,
				08993A6005BAFC6D54628CE3 /* Sources */,
				3634544B6FAC934A5CE9CC62 /* Tests */,
				940B7F41F0A5E565F4D1AF6E /* Products */,
			);
			sourceTree = "<group>";
		};
		"TEMP_6CB2B540-AF44-4A0A-8244-EAC3A31C2D21" /* ios */ = {
			isa = PBXGroup;
			children = (
				"TEMP_6937808C-2D5E-4BCF-BB59-34BF4DEF78C5" /* Signing.xcconfig */,
			);
			path = ios;
			sourceTree = "<group>";
		};
/* End PBXGroup section */

/* Begin PBXNativeTarget section */
		AF118D114306B521263E1D33 /* FocusSliceTests */ = {
			isa = PBXNativeTarget;
			buildConfigurationList = 6127B1D30C7C9D867C04BF44 /* Build configuration list for PBXNativeTarget "FocusSliceTests" */;
			buildPhases = (
				22BDA0E75E9033E17A7BDE3B /* Sources */,
			);
			buildRules = (
			);
			dependencies = (
				B50297B5A32105D84DEBF9C4 /* PBXTargetDependency */,
			);
			name = FocusSliceTests;
			packageProductDependencies = (
			);
			productName = FocusSliceTests;
			productReference = 53D35695691BA5F108AE0BA1 /* FocusSliceTests.xctest */;
			productType = "com.apple.product-type.bundle.unit-test";
		};
		BAD07030A49EB411091D5DE8 /* FocusSlice */ = {
			isa = PBXNativeTarget;
			buildConfigurationList = 4841A4D669C85C7851B60666 /* Build configuration list for PBXNativeTarget "FocusSlice" */;
			buildPhases = (
				9457088C5B6282647AB377C2 /* Sources */,
				A223F6B901F5D01925689AF9 /* Resources */,
			);
			buildRules = (
			);
			dependencies = (
			);
			name = FocusSlice;
			packageProductDependencies = (
			);
			productName = FocusSlice;
			productReference = 7E2B2B725CFBD3D5861C283D /* FocusSlice.app */;
			productType = "com.apple.product-type.application";
		};
/* End PBXNativeTarget section */

/* Begin PBXProject section */
		A598B442A1B7EBE0C05ED2F9 /* Project object */ = {
			isa = PBXProject;
			attributes = {
				BuildIndependentTargetsInParallel = YES;
				LastUpgradeCheck = 1430;
				TargetAttributes = {
					AF118D114306B521263E1D33 = {
						ProvisioningStyle = Automatic;
					};
					BAD07030A49EB411091D5DE8 = {
						ProvisioningStyle = Automatic;
					};
				};
			};
			buildConfigurationList = B3A8A9C1449D871B87167904 /* Build configuration list for PBXProject "FocusSlice" */;
			developmentRegion = en;
			hasScannedForEncodings = 0;
			knownRegions = (
				Base,
				en,
			);
			mainGroup = A71204F706557AF731E10466;
			minimizedProjectReferenceProxies = 1;
			preferredProjectObjectVersion = 77;
			productRefGroup = 940B7F41F0A5E565F4D1AF6E /* Products */;
			projectDirPath = "";
			projectRoot = "";
			targets = (
				BAD07030A49EB411091D5DE8 /* FocusSlice */,
				AF118D114306B521263E1D33 /* FocusSliceTests */,
			);
		};
/* End PBXProject section */

/* Begin PBXResourcesBuildPhase section */
		A223F6B901F5D01925689AF9 /* Resources */ = {
			isa = PBXResourcesBuildPhase;
			buildActionMask = 2147483647;
			files = (
				A032E175F1F93B91D796E9C3 /* Assets.xcassets in Resources */,
			);
			runOnlyForDeploymentPostprocessing = 0;
		};
/* End PBXResourcesBuildPhase section */

/* Begin PBXSourcesBuildPhase section */
		22BDA0E75E9033E17A7BDE3B /* Sources */ = {
			isa = PBXSourcesBuildPhase;
			buildActionMask = 2147483647;
			files = (
				AEB3032A1FDF1E38D489AF1B /* ClassEngineTests.swift in Sources */,
			);
			runOnlyForDeploymentPostprocessing = 0;
		};
		9457088C5B6282647AB377C2 /* Sources */ = {
			isa = PBXSourcesBuildPhase;
			buildActionMask = 2147483647;
			files = (
				CD6E709B564CC8B175467F37 /* Affinity.swift in Sources */,
				B91063D0615D7DA61FBE3402 /* BlockNotifier.swift in Sources */,
				60927EE72B1D85A67F3643C7 /* BreakPromptView.swift in Sources */,
				B8F4AD2AD9D91F92CF3939D0 /* BreakRecapView.swift in Sources */,
				AEBDFBC19D4AC6B7DD0322A0 /* BreakView.swift in Sources */,
				400C8C01384EF3209E4AF878 /* Chronicle.swift in Sources */,
				CBDCF5DA7E37D7E346B81AAD /* ClassEngine.swift in Sources */,
				6ACB2C5816B3ED5D235C1A6D /* ClassStore.swift in Sources */,
				ADD9B34CB7254D6F05CBA4BE /* CoinStore.swift in Sources */,
				45A7DDD489FB633F9C168D71 /* ContentView.swift in Sources */,
				556C3676D78EC921DE49AF8C /* ExperienceStore.swift in Sources */,
				5E244C067B7D4F9377F29CE8 /* FirstClassCeremonyView.swift in Sources */,
				68860DD5821786307BEC16DC /* FocusClass.swift in Sources */,
				FEE683B477FCF6C1A5081226 /* FocusEngine.swift in Sources */,
				E3C29ACE328E4BF4C90890DF /* FocusSliceApp.swift in Sources */,
				1B883FE417927688C96F07BC /* FocusView.swift in Sources */,
				A30E5EA37E55BA916EE1799D /* Levels.swift in Sources */,
				D077EAC2F3F2AF628ED74B09 /* Models.swift in Sources */,
				DB7CAE4CF43F814B4B6B1238 /* MotionDetector.swift in Sources */,
				9DB3F29145820CB39F12D213 /* PlanView.swift in Sources */,
				2AE34C9320CAEBB26EF7547F /* Quest.swift in Sources */,
				B19B6ACDFCD8C4B8E0EAEDDB /* QuestBoard.swift in Sources */,
				C126A4349E13116DA5EDE91D /* Quests.swift in Sources */,
				D3ECA2B4125051EB8CD33630 /* ReviewView.swift in Sources */,
				A6E193CB193D2419E8B7A062 /* WorkoutMonitor.swift in Sources */,
			);
			runOnlyForDeploymentPostprocessing = 0;
		};
/* End PBXSourcesBuildPhase section */

/* Begin PBXTargetDependency section */
		B50297B5A32105D84DEBF9C4 /* PBXTargetDependency */ = {
			isa = PBXTargetDependency;
			target = BAD07030A49EB411091D5DE8 /* FocusSlice */;
			targetProxy = 6F8595DC41CE02772A62365B /* PBXContainerItemProxy */;
		};
/* End PBXTargetDependency section */

/* Begin XCBuildConfiguration section */
		2EEC75FB1591412FBF2798E9 /* Debug */ = {
			isa = XCBuildConfiguration;
			buildSettings = {
				ALWAYS_SEARCH_USER_PATHS = NO;
				CLANG_ANALYZER_NONNULL = YES;
				CLANG_ANALYZER_NUMBER_OBJECT_CONVERSION = YES_AGGRESSIVE;
				CLANG_CXX_LANGUAGE_STANDARD = "gnu++14";
				CLANG_CXX_LIBRARY = "libc++";
				CLANG_ENABLE_MODULES = YES;
				CLANG_ENABLE_OBJC_ARC = YES;
				CLANG_ENABLE_OBJC_WEAK = YES;
				CLANG_WARN_BLOCK_CAPTURE_AUTORELEASING = YES;
				CLANG_WARN_BOOL_CONVERSION = YES;
				CLANG_WARN_COMMA = YES;
				CLANG_WARN_CONSTANT_CONVERSION = YES;
				CLANG_WARN_DEPRECATED_OBJC_IMPLEMENTATIONS = YES;
				CLANG_WARN_DIRECT_OBJC_ISA_USAGE = YES_ERROR;
				CLANG_WARN_DOCUMENTATION_COMMENTS = YES;
				CLANG_WARN_EMPTY_BODY = YES;
				CLANG_WARN_ENUM_CONVERSION = YES;
				CLANG_WARN_INFINITE_RECURSION = YES;
				CLANG_WARN_INT_CONVERSION = YES;
				CLANG_WARN_NON_LITERAL_NULL_CONVERSION = YES;
				CLANG_WARN_OBJC_IMPLICIT_RETAIN_SELF = YES;
				CLANG_WARN_OBJC_LITERAL_CONVERSION = YES;
				CLANG_WARN_OBJC_ROOT_CLASS = YES_ERROR;
				CLANG_WARN_QUOTED_INCLUDE_IN_FRAMEWORK_HEADER = YES;
				CLANG_WARN_RANGE_LOOP_ANALYSIS = YES;
				CLANG_WARN_STRICT_PROTOTYPES = YES;
				CLANG_WARN_SUSPICIOUS_MOVE = YES;
				CLANG_WARN_UNGUARDED_AVAILABILITY = YES_AGGRESSIVE;
				CLANG_WARN_UNREACHABLE_CODE = YES;
				CLANG_WARN__DUPLICATE_METHOD_MATCH = YES;
				CODE_SIGN_STYLE = Automatic;
				COPY_PHASE_STRIP = NO;
				CURRENT_PROJECT_VERSION = 1;
				DEBUG_INFORMATION_FORMAT = dwarf;
				ENABLE_STRICT_OBJC_MSGSEND = YES;
				ENABLE_TESTABILITY = YES;
				GCC_C_LANGUAGE_STANDARD = gnu11;
				GCC_DYNAMIC_NO_PIC = NO;
				GCC_NO_COMMON_BLOCKS = YES;
				GCC_OPTIMIZATION_LEVEL = 0;
				GCC_PREPROCESSOR_DEFINITIONS = (
					"$(inherited)",
					"DEBUG=1",
				);
				GCC_WARN_64_TO_32_BIT_CONVERSION = YES;
				GCC_WARN_ABOUT_RETURN_TYPE = YES_ERROR;
				GCC_WARN_UNDECLARED_SELECTOR = YES;
				GCC_WARN_UNINITIALIZED_AUTOS = YES_AGGRESSIVE;
				GCC_WARN_UNUSED_FUNCTION = YES;
				GCC_WARN_UNUSED_VARIABLE = YES;
				IPHONEOS_DEPLOYMENT_TARGET = 17.0;
				MARKETING_VERSION = 0.1.0;
				MTL_ENABLE_DEBUG_INFO = INCLUDE_SOURCE;
				MTL_FAST_MATH = YES;
				ONLY_ACTIVE_ARCH = YES;
				PRODUCT_NAME = "$(TARGET_NAME)";
				SDKROOT = iphoneos;
				SWIFT_ACTIVE_COMPILATION_CONDITIONS = DEBUG;
				SWIFT_OPTIMIZATION_LEVEL = "-Onone";
				SWIFT_VERSION = 5.0;
			};
			name = Debug;
		};
		4C7BEB054887AD09F8746349 /* Release */ = {
			isa = XCBuildConfiguration;
			baseConfigurationReference = "TEMP_6937808C-2D5E-4BCF-BB59-34BF4DEF78C5" /* Signing.xcconfig */;
			buildSettings = {
				ASSETCATALOG_COMPILER_APPICON_NAME = AppIcon;
				CODE_SIGN_ENTITLEMENTS = FocusSlice.entitlements;
				CODE_SIGN_IDENTITY = "iPhone Developer";
				ENABLE_PREVIEWS = YES;
				GENERATE_INFOPLIST_FILE = YES;
				INFOPLIST_KEY_CFBundleDisplayName = FocusSlice;
				INFOPLIST_KEY_NSHealthShareUsageDescription = "FocusSlice reads your workouts so the daily exercise quest completes automatically when you log one.";
				INFOPLIST_KEY_NSMotionUsageDescription = "FocusSlice reads device motion to detect when you pick up your phone during a focus block, so it can log it as a distraction.";
				INFOPLIST_KEY_UILaunchScreen_Generation = YES;
				INFOPLIST_KEY_UISupportedInterfaceOrientations = UIInterfaceOrientationPortrait;
				IPHONEOS_DEPLOYMENT_TARGET = 17.0;
				LD_RUNPATH_SEARCH_PATHS = (
					"$(inherited)",
					"@executable_path/Frameworks",
				);
				PRODUCT_BUNDLE_IDENTIFIER = com.ajschleg.FocusSlice;
				SDKROOT = iphoneos;
				TARGETED_DEVICE_FAMILY = 1;
			};
			name = Release;
		};
		4E1F31C4A8CB2B8417047850 /* Release */ = {
			isa = XCBuildConfiguration;
			buildSettings = {
				ALWAYS_SEARCH_USER_PATHS = NO;
				CLANG_ANALYZER_NONNULL = YES;
				CLANG_ANALYZER_NUMBER_OBJECT_CONVERSION = YES_AGGRESSIVE;
				CLANG_CXX_LANGUAGE_STANDARD = "gnu++14";
				CLANG_CXX_LIBRARY = "libc++";
				CLANG_ENABLE_MODULES = YES;
				CLANG_ENABLE_OBJC_ARC = YES;
				CLANG_ENABLE_OBJC_WEAK = YES;
				CLANG_WARN_BLOCK_CAPTURE_AUTORELEASING = YES;
				CLANG_WARN_BOOL_CONVERSION = YES;
				CLANG_WARN_COMMA = YES;
				CLANG_WARN_CONSTANT_CONVERSION = YES;
				CLANG_WARN_DEPRECATED_OBJC_IMPLEMENTATIONS = YES;
				CLANG_WARN_DIRECT_OBJC_ISA_USAGE = YES_ERROR;
				CLANG_WARN_DOCUMENTATION_COMMENTS = YES;
				CLANG_WARN_EMPTY_BODY = YES;
				CLANG_WARN_ENUM_CONVERSION = YES;
				CLANG_WARN_INFINITE_RECURSION = YES;
				CLANG_WARN_INT_CONVERSION = YES;
				CLANG_WARN_NON_LITERAL_NULL_CONVERSION = YES;
				CLANG_WARN_OBJC_IMPLICIT_RETAIN_SELF = YES;
				CLANG_WARN_OBJC_LITERAL_CONVERSION = YES;
				CLANG_WARN_OBJC_ROOT_CLASS = YES_ERROR;
				CLANG_WARN_QUOTED_INCLUDE_IN_FRAMEWORK_HEADER = YES;
				CLANG_WARN_RANGE_LOOP_ANALYSIS = YES;
				CLANG_WARN_STRICT_PROTOTYPES = YES;
				CLANG_WARN_SUSPICIOUS_MOVE = YES;
				CLANG_WARN_UNGUARDED_AVAILABILITY = YES_AGGRESSIVE;
				CLANG_WARN_UNREACHABLE_CODE = YES;
				CLANG_WARN__DUPLICATE_METHOD_MATCH = YES;
				CODE_SIGN_STYLE = Automatic;
				COPY_PHASE_STRIP = NO;
				CURRENT_PROJECT_VERSION = 1;
				DEBUG_INFORMATION_FORMAT = "dwarf-with-dsym";
				ENABLE_NS_ASSERTIONS = NO;
				ENABLE_STRICT_OBJC_MSGSEND = YES;
				GCC_C_LANGUAGE_STANDARD = gnu11;
				GCC_NO_COMMON_BLOCKS = YES;
				GCC_WARN_64_TO_32_BIT_CONVERSION = YES;
				GCC_WARN_ABOUT_RETURN_TYPE = YES_ERROR;
				GCC_WARN_UNDECLARED_SELECTOR = YES;
				GCC_WARN_UNINITIALIZED_AUTOS = YES_AGGRESSIVE;
				GCC_WARN_UNUSED_FUNCTION = YES;
				GCC_WARN_UNUSED_VARIABLE = YES;
				IPHONEOS_DEPLOYMENT_TARGET = 17.0;
				MARKETING_VERSION = 0.1.0;
				MTL_ENABLE_DEBUG_INFO = NO;
				MTL_FAST_MATH = YES;
				PRODUCT_NAME = "$(TARGET_NAME)";
				SDKROOT = iphoneos;
				SWIFT_COMPILATION_MODE = wholemodule;
				SWIFT_OPTIMIZATION_LEVEL = "-O";
				SWIFT_VERSION = 5.0;
			};
			name = Release;
		};
		75E62FD899E57F3302D80CB7 /* Release */ = {
			isa = XCBuildConfiguration;
			buildSettings = {
				BUNDLE_LOADER = "$(TEST_HOST)";
				GENERATE_INFOPLIST_FILE = YES;
				IPHONEOS_DEPLOYMENT_TARGET = 17.0;
				LD_RUNPATH_SEARCH_PATHS = (
					"$(inherited)",
					"@executable_path/Frameworks",
					"@loader_path/Frameworks",
				);
				PRODUCT_BUNDLE_IDENTIFIER = com.ajschleg.FocusSliceTests;
				SDKROOT = iphoneos;
				TARGETED_DEVICE_FAMILY = "1,2";
				TEST_HOST = "$(BUILT_PRODUCTS_DIR)/FocusSlice.app/FocusSlice";
			};
			name = Release;
		};
		C2C4CE9010EE9AD21ED46767 /* Debug */ = {
			isa = XCBuildConfiguration;
			baseConfigurationReference = "TEMP_6937808C-2D5E-4BCF-BB59-34BF4DEF78C5" /* Signing.xcconfig */;
			buildSettings = {
				ASSETCATALOG_COMPILER_APPICON_NAME = AppIcon;
				CODE_SIGN_ENTITLEMENTS = FocusSlice.entitlements;
				CODE_SIGN_IDENTITY = "iPhone Developer";
				ENABLE_PREVIEWS = YES;
				GENERATE_INFOPLIST_FILE = YES;
				INFOPLIST_KEY_CFBundleDisplayName = FocusSlice;
				INFOPLIST_KEY_NSHealthShareUsageDescription = "FocusSlice reads your workouts so the daily exercise quest completes automatically when you log one.";
				INFOPLIST_KEY_NSMotionUsageDescription = "FocusSlice reads device motion to detect when you pick up your phone during a focus block, so it can log it as a distraction.";
				INFOPLIST_KEY_UILaunchScreen_Generation = YES;
				INFOPLIST_KEY_UISupportedInterfaceOrientations = UIInterfaceOrientationPortrait;
				IPHONEOS_DEPLOYMENT_TARGET = 17.0;
				LD_RUNPATH_SEARCH_PATHS = (
					"$(inherited)",
					"@executable_path/Frameworks",
				);
				PRODUCT_BUNDLE_IDENTIFIER = com.ajschleg.FocusSlice;
				SDKROOT = iphoneos;
				TARGETED_DEVICE_FAMILY = 1;
			};
			name = Debug;
		};
		CF8101220CF446B4E8C1F265 /* Debug */ = {
			isa = XCBuildConfiguration;
			buildSettings = {
				BUNDLE_LOADER = "$(TEST_HOST)";
				GENERATE_INFOPLIST_FILE = YES;
				IPHONEOS_DEPLOYMENT_TARGET = 17.0;
				LD_RUNPATH_SEARCH_PATHS = (
					"$(inherited)",
					"@executable_path/Frameworks",
					"@loader_path/Frameworks",
				);
				PRODUCT_BUNDLE_IDENTIFIER = com.ajschleg.FocusSliceTests;
				SDKROOT = iphoneos;
				TARGETED_DEVICE_FAMILY = "1,2";
				TEST_HOST = "$(BUILT_PRODUCTS_DIR)/FocusSlice.app/FocusSlice";
			};
			name = Debug;
		};
/* End XCBuildConfiguration section */

/* Begin XCConfigurationList section */
		4841A4D669C85C7851B60666 /* Build configuration list for PBXNativeTarget "FocusSlice" */ = {
			isa = XCConfigurationList;
			buildConfigurations = (
				C2C4CE9010EE9AD21ED46767 /* Debug */,
				4C7BEB054887AD09F8746349 /* Release */,
			);
			defaultConfigurationIsVisible = 0;
			defaultConfigurationName = Debug;
		};
		6127B1D30C7C9D867C04BF44 /* Build configuration list for PBXNativeTarget "FocusSliceTests" */ = {
			isa = XCConfigurationList;
			buildConfigurations = (
				CF8101220CF446B4E8C1F265 /* Debug */,
				75E62FD899E57F3302D80CB7 /* Release */,
			);
			defaultConfigurationIsVisible = 0;
			defaultConfigurationName = Debug;
		};
		B3A8A9C1449D871B87167904 /* Build configuration list for PBXProject "FocusSlice" */ = {
			isa = XCConfigurationList;
			buildConfigurations = (
				2EEC75FB1591412FBF2798E9 /* Debug */,
				4E1F31C4A8CB2B8417047850 /* Release */,
			);
			defaultConfigurationIsVisible = 0;
			defaultConfigurationName = Debug;
		};
/* End XCConfigurationList section */
	};
	rootObject = A598B442A1B7EBE0C05ED2F9 /* Project object */;
}
